dependencies:
  idf:
    source:
      type: idf
    version: 5.5.5
  lvgl/lvgl:
    component_hash: 948bff879a345149b83065535bbc4a026ce9f47498a22881e432a264b9098015
    dependencies: []
    source:
      registry_url: https://components.espressif.com/
      type: service
    version: 8.3.11
direct_dependencies:
- idf
- lvgl/lvgl
manifest_hash: 976a64b5b4d87055e718d4ef863e7440a5fb531609398ed770c7c2b7cd085d70
target: esp32s3
version: 2.0.0
